<?xml version="1.0" encoding="utf-8"?>
<Project ToolsVersion="4.0" xmlns="http://schemas.microsoft.com/developer/msbuild/2003">
  <ItemGroup>
    <Filter Include="Source Files">
      <UniqueIdentifier>{4FC737F1-C7A5-4376-A066-2A32D752A2FF}</UniqueIdentifier>
      <Extensions>cpp;c;cc;cxx;def;odl;idl;hpj;bat;asm;asmx</Extensions>
    </Filter>
    <Filter Include="Header Files">
      <UniqueIdentifier>{93995380-89BD-4b04-88EB-625FBE52EBFB}</UniqueIdentifier>
      <Extensions>h;hh;hpp;hxx;hm;inl;inc;xsd</Extensions>
    </Filter>
    <Filter Include="Resource Files">
      <UniqueIdentifier>{D9D6E242-F8AF-46E4-B9FD-80ECBC20BA3E}</UniqueIdentifier>
      <Extensions>qrc;*</Extensions>
      <ParseFiles>false</ParseFiles>
    </Filter>
    <Filter Include="Resource Files">
      <UniqueIdentifier>{D9D6E242-F8AF-46E4-B9FD-80ECBC20BA3E}</UniqueIdentifier>
      <Extensions>qrc;*</Extensions>
      <ParseFiles>false</ParseFiles>
    </Filter>
    <Filter Include="Generated Files">
      <UniqueIdentifier>{71ED8ED8-ACB9-4CE9-BBE1-E00B30144E11}</UniqueIdentifier>
      <Extensions>moc;h;cpp</Extensions>
      <SourceControlFiles>False</SourceControlFiles>
    </Filter>
    <Filter Include="ThirdPartTest">
      <UniqueIdentifier>{5cf7f23d-4e75-489b-b6e3-2f43285f1ee8}</UniqueIdentifier>
    </Filter>
    <Filter Include="ComTest">
      <UniqueIdentifier>{577cc509-3665-454e-9a2a-e7816c9e890d}</UniqueIdentifier>
    </Filter>
    <Filter Include="OpenSSL">
      <UniqueIdentifier>{6b7d4c98-728a-46f4-8b8d-2ea0462fe663}</UniqueIdentifier>
    </Filter>
  </ItemGroup>
  <ItemGroup>
    <ClCompile Include="main.cpp">
      <Filter>Source Files</Filter>
    </ClCompile>
    <ClCompile Include="DicomFileParserTest.cpp">
      <Filter>ThirdPartTest</Filter>
    </ClCompile>
    <ClCompile Include="TestManager.cpp">
      <Filter>Source Files</Filter>
    </ClCompile>
    <ClCompile Include="CognexDataManSDKTest.cpp">
      <Filter>ThirdPartTest</Filter>
    </ClCompile>
    <ClCompile Include="OpensslTest.cpp">
      <Filter>OpenSSL</Filter>
    </ClCompile>
    <ClCompile Include="DicomNetworkTest.cpp">
      <Filter>ThirdPartTest</Filter>
    </ClCompile>
    <ClCompile Include="ProtocolBufferTest.cpp">
      <Filter>ThirdPartTest</Filter>
    </ClCompile>
    <ClCompile Include="AddressBook.pb.cc">
      <Filter>ThirdPartTest</Filter>
    </ClCompile>
    <ClCompile Include="ImportComTest.cpp">
      <Filter>ComTest</Filter>
    </ClCompile>
  </ItemGroup>
  <ItemGroup>
    <ClInclude Include="DicomFileParserTest.h">
      <Filter>ThirdPartTest</Filter>
    </ClInclude>
    <ClInclude Include="TestManager.h">
      <Filter>Header Files</Filter>
    </ClInclude>
    <ClInclude Include="CognexDataManSDKTest.h">
      <Filter>ThirdPartTest</Filter>
    </ClInclude>
    <ClInclude Include="ImportComTest.h">
      <Filter>ComTest</Filter>
    </ClInclude>
    <ClInclude Include="OpensslTest.h">
      <Filter>OpenSSL</Filter>
    </ClInclude>
    <ClInclude Include="DicomNetworkTest.h">
      <Filter>ThirdPartTest</Filter>
    </ClInclude>
    <ClInclude Include="ProtocolBufferTest.h">
      <Filter>ThirdPartTest</Filter>
    </ClInclude>
    <ClInclude Include="AddressBook.pb.h">
      <Filter>ThirdPartTest</Filter>
    </ClInclude>
  </ItemGroup>
</Project>