<?xml version="1.0" encoding="utf-8"?>
<Project ToolsVersion="4.0" xmlns="http://schemas.microsoft.com/developer/msbuild/2003">
  <ItemGroup>
    <Filter Include="Source Files">
      <UniqueIdentifier>{4FC737F1-C7A5-4376-A066-2A32D752A2FF}</UniqueIdentifier>
      <Extensions>cpp;c;cc;cxx;def;odl;idl;hpj;bat;asm;asmx</Extensions>
    </Filter>
    <Filter Include="Header Files">
      <UniqueIdentifier>{93995380-89BD-4b04-88EB-625FBE52EBFB}</UniqueIdentifier>
      <Extensions>h;hh;hpp;hxx;hm;inl;inc;xsd</Extensions>
    </Filter>
    <Filter Include="Resource Files">
      <UniqueIdentifier>{D9D6E242-F8AF-46E4-B9FD-80ECBC20BA3E}</UniqueIdentifier>
      <Extensions>qrc;*</Extensions>
      <ParseFiles>false</ParseFiles>
    </Filter>
    <Filter Include="Resource Files">
      <UniqueIdentifier>{D9D6E242-F8AF-46E4-B9FD-80ECBC20BA3E}</UniqueIdentifier>
      <Extensions>qrc;*</Extensions>
      <ParseFiles>false</ParseFiles>
    </Filter>
    <Filter Include="Utils">
      <UniqueIdentifier>{3466a313-66ab-46f0-9244-54be4c1d7979}</UniqueIdentifier>
    </Filter>
    <Filter Include="Core">
      <UniqueIdentifier>{c21784c5-7df5-484d-9043-d896e953df35}</UniqueIdentifier>
    </Filter>
    <Filter Include="MiscellaneousTest">
      <UniqueIdentifier>{c79a2a9b-bac9-4f93-97cc-c1ca1c34a85e}</UniqueIdentifier>
    </Filter>
    <Filter Include="Zip">
      <UniqueIdentifier>{7ad13db2-5e7c-4358-b23c-e41e48599ba0}</UniqueIdentifier>
    </Filter>
  </ItemGroup>
  <ItemGroup>
    <ClInclude Include="qtlibaraycoretest_global.h">
      <Filter>Header Files</Filter>
    </ClInclude>
    <ClInclude Include="MemUtil.h">
      <Filter>Utils</Filter>
    </ClInclude>
    <ClInclude Include="TaskBase.h">
      <Filter>Core</Filter>
    </ClInclude>
    <ClInclude Include="ITaskInterface.h">
      <Filter>Core</Filter>
    </ClInclude>
    <ClInclude Include="BackgroundWorkerTest.h">
      <Filter>Core</Filter>
    </ClInclude>
    <ClInclude Include="unzip.h">
      <Filter>Zip</Filter>
    </ClInclude>
    <ClInclude Include="zip.h">
      <Filter>Zip</Filter>
    </ClInclude>
  </ItemGroup>
  <ItemGroup>
    <ClCompile Include="DllMain.cpp">
      <Filter>Source Files</Filter>
    </ClCompile>
    <ClCompile Include="MemUtil.cpp">
      <Filter>Utils</Filter>
    </ClCompile>
    <ClCompile Include="TaskBase.cpp">
      <Filter>Core</Filter>
    </ClCompile>
    <ClCompile Include="BackgroundWorkerTest.cpp">
      <Filter>Core</Filter>
    </ClCompile>
    <ClCompile Include="QObjectCastTest.cpp">
      <Filter>MiscellaneousTest</Filter>
    </ClCompile>
    <ClCompile Include="unzip.cpp">
      <Filter>Zip</Filter>
    </ClCompile>
    <ClCompile Include="zip.cpp">
      <Filter>Zip</Filter>
    </ClCompile>
  </ItemGroup>
  <ItemGroup>
    <QtMoc Include="QObjectCastTest.h">
      <Filter>MiscellaneousTest</Filter>
    </QtMoc>
  </ItemGroup>
</Project>