<?xml version="1.0" encoding="utf-8"?>
<Project ToolsVersion="4.0" xmlns="http://schemas.microsoft.com/developer/msbuild/2003">
  <ItemGroup>
    <Filter Include="Source Files">
      <UniqueIdentifier>{4FC737F1-C7A5-4376-A066-2A32D752A2FF}</UniqueIdentifier>
      <Extensions>cpp;c;cc;cxx;def;odl;idl;hpj;bat;asm;asmx</Extensions>
    </Filter>
    <Filter Include="Header Files">
      <UniqueIdentifier>{93995380-89BD-4b04-88EB-625FBE52EBFB}</UniqueIdentifier>
      <Extensions>h;hh;hpp;hxx;hm;inl;inc;xsd</Extensions>
    </Filter>
    <Filter Include="Resource Files">
      <UniqueIdentifier>{D9D6E242-F8AF-46E4-B9FD-80ECBC20BA3E}</UniqueIdentifier>
      <Extensions>qrc;*</Extensions>
      <ParseFiles>false</ParseFiles>
    </Filter>
    <Filter Include="Form Files">
      <UniqueIdentifier>{99349809-55BA-4b9d-BF79-8FDBB0286EB3}</UniqueIdentifier>
      <Extensions>ui</Extensions>
    </Filter>
    <Filter Include="Resource Files">
      <UniqueIdentifier>{D9D6E242-F8AF-46E4-B9FD-80ECBC20BA3E}</UniqueIdentifier>
      <Extensions>qrc;*</Extensions>
      <ParseFiles>false</ParseFiles>
    </Filter>
    <Filter Include="Generated Files">
      <UniqueIdentifier>{71ED8ED8-ACB9-4CE9-BBE1-E00B30144E11}</UniqueIdentifier>
      <Extensions>moc;h;cpp</Extensions>
      <SourceControlFiles>False</SourceControlFiles>
    </Filter>
    <Filter Include="Resource Files\qss">
      <UniqueIdentifier>{91515bb5-061e-4ed4-bd8c-5ec4c5673f20}</UniqueIdentifier>
    </Filter>
    <Filter Include="Core">
      <UniqueIdentifier>{03110429-f8f5-4a0b-8bf2-d2ea95e7a53a}</UniqueIdentifier>
    </Filter>
    <Filter Include="Resource Files\images">
      <UniqueIdentifier>{0ba42e86-dccf-42be-aab0-82168d0e2455}</UniqueIdentifier>
    </Filter>
    <Filter Include="ProtoBuf">
      <UniqueIdentifier>{ae3b4cdc-e888-45fc-b35b-c4fdbcde0d85}</UniqueIdentifier>
    </Filter>
    <Filter Include="Reports">
      <UniqueIdentifier>{4d4dccba-f4e3-4de1-bca6-5b6670427587}</UniqueIdentifier>
    </Filter>
    <Filter Include="Config">
      <UniqueIdentifier>{669bc527-fbbb-4691-9c88-6b5bb815a572}</UniqueIdentifier>
    </Filter>
    <Filter Include="Utils">
      <UniqueIdentifier>{2b1f78cf-e8e6-4708-a541-fcb4b0d43a67}</UniqueIdentifier>
    </Filter>
    <Filter Include="DICOM">
      <UniqueIdentifier>{7a2e442f-999c-4d3b-a820-85ab27028f17}</UniqueIdentifier>
    </Filter>
    <Filter Include="Debugger">
      <UniqueIdentifier>{516e2a7d-bc5e-4729-b720-c651d2aa9a75}</UniqueIdentifier>
    </Filter>
    <Filter Include="Generated Files\Debug">
      <UniqueIdentifier>{be9da27f-0da2-476f-982b-dc22d142c78b}</UniqueIdentifier>
      <Extensions>cpp;moc</Extensions>
      <SourceControlFiles>False</SourceControlFiles>
    </Filter>
    <Filter Include="Generated Files\Release">
      <UniqueIdentifier>{1f654a7a-8cf1-4790-91cc-fe73e7dbd9f9}</UniqueIdentifier>
      <Extensions>cpp;moc</Extensions>
      <SourceControlFiles>False</SourceControlFiles>
    </Filter>
    <Filter Include="Miscellaneous">
      <UniqueIdentifier>{164de837-644a-4fc6-9899-6e8b6eaca30a}</UniqueIdentifier>
    </Filter>
  </ItemGroup>
  <ItemGroup>
    <ClCompile Include="main.cpp">
      <Filter>Source Files</Filter>
    </ClCompile>
    <ClCompile Include="MyMainWindow.cpp">
      <Filter>Source Files</Filter>
    </ClCompile>
    <ClCompile Include="MyApplication.cpp">
      <Filter>Source Files</Filter>
    </ClCompile>
    <ClCompile Include="MainTabPageFirst.cpp">
      <Filter>Source Files</Filter>
    </ClCompile>
    <ClCompile Include="MainTabPageSetting.cpp">
      <Filter>Source Files</Filter>
    </ClCompile>
    <ClCompile Include="MainTabPageDicom.cpp">
      <Filter>Source Files</Filter>
    </ClCompile>
    <ClCompile Include="NotifyWidget.cpp">
      <Filter>Source Files</Filter>
    </ClCompile>
    <ClCompile Include="Reports\FopReportClient.cpp">
      <Filter>Reports</Filter>
    </ClCompile>
    <ClCompile Include="Reports\FopReportProtocol.cpp">
      <Filter>Reports</Filter>
    </ClCompile>
    <ClCompile Include="Reports\MuPDF.cpp">
      <Filter>Reports</Filter>
    </ClCompile>
    <ClCompile Include="Reports\ReportXmlData.cpp">
      <Filter>Reports</Filter>
    </ClCompile>
    <ClCompile Include="Reports\WinReportTesting.cpp">
      <Filter>Reports</Filter>
    </ClCompile>
    <ClCompile Include="Reports\XmlReportGenerator.cpp">
      <Filter>Reports</Filter>
    </ClCompile>
    <ClCompile Include="ProtocolBuffers\MessageInfo.pb.cc">
      <Filter>ProtoBuf</Filter>
    </ClCompile>
    <ClCompile Include="ProtocolBuffers\MessageTest.pb.cc">
      <Filter>ProtoBuf</Filter>
    </ClCompile>
    <ClCompile Include="Debugger\DebugInfoBaseWidget.cpp">
      <Filter>Debugger</Filter>
    </ClCompile>
    <ClCompile Include="Debugger\DebugInfoHardwareWidget.cpp">
      <Filter>Debugger</Filter>
    </ClCompile>
    <ClCompile Include="Debugger\DebugInfoNetworkWidget.cpp">
      <Filter>Debugger</Filter>
    </ClCompile>
    <ClCompile Include="Debugger\DebugInfoTestWidget.cpp">
      <Filter>Debugger</Filter>
    </ClCompile>
    <ClCompile Include="Debugger\DebugMenuEvent.cpp">
      <Filter>Debugger</Filter>
    </ClCompile>
    <ClCompile Include="Debugger\DebugPanel.cpp">
      <Filter>Debugger</Filter>
    </ClCompile>
    <ClCompile Include="Miscellaneous\MiscellaneousAlgorithmLeetCode.cpp">
      <Filter>Miscellaneous</Filter>
    </ClCompile>
    <ClCompile Include="Miscellaneous\MiscellaneousBase.cpp">
      <Filter>Miscellaneous</Filter>
    </ClCompile>
    <ClCompile Include="Miscellaneous\MiscellaneousCustomTextEdit.cpp">
      <Filter>Miscellaneous</Filter>
    </ClCompile>
    <ClCompile Include="Miscellaneous\MiscellaneousDefines.cpp">
      <Filter>Miscellaneous</Filter>
    </ClCompile>
    <ClCompile Include="Miscellaneous\MiscellaneousExcelReadWrite.cpp">
      <Filter>Miscellaneous</Filter>
    </ClCompile>
    <ClCompile Include="Miscellaneous\MiscellaneousImageQImage.cpp">
      <Filter>Miscellaneous</Filter>
    </ClCompile>
    <ClCompile Include="Miscellaneous\MiscellaneousImageQPixmap.cpp">
      <Filter>Miscellaneous</Filter>
    </ClCompile>
    <ClCompile Include="Miscellaneous\MiscellaneousPostgresql.cpp">
      <Filter>Miscellaneous</Filter>
    </ClCompile>
    <ClCompile Include="Miscellaneous\MiscellaneousPrinterPDF.cpp">
      <Filter>Miscellaneous</Filter>
    </ClCompile>
    <ClCompile Include="Miscellaneous\MiscellaneousPrinterWidget.cpp">
      <Filter>Miscellaneous</Filter>
    </ClCompile>
    <ClCompile Include="Miscellaneous\MiscellaneousQMimeType.cpp">
      <Filter>Miscellaneous</Filter>
    </ClCompile>
    <ClCompile Include="Miscellaneous\MiscellaneousQObjectCast.cpp">
      <Filter>Miscellaneous</Filter>
    </ClCompile>
    <ClCompile Include="Miscellaneous\MiscellaneousQTcpSocket.cpp">
      <Filter>Miscellaneous</Filter>
    </ClCompile>
    <ClCompile Include="Miscellaneous\MiscellaneousQVirtualKeyboard.cpp">
      <Filter>Miscellaneous</Filter>
    </ClCompile>
    <ClCompile Include="Miscellaneous\MiscellaneousQWebSocket.cpp">
      <Filter>Miscellaneous</Filter>
    </ClCompile>
    <ClCompile Include="Miscellaneous\MiscellaneousRegularExpression.cpp">
      <Filter>Miscellaneous</Filter>
    </ClCompile>
    <ClCompile Include="Miscellaneous\MiscellaneousSignalSlot.cpp">
      <Filter>Miscellaneous</Filter>
    </ClCompile>
    <ClCompile Include="Miscellaneous\MiscellaneousSqlCipher.cpp">
      <Filter>Miscellaneous</Filter>
    </ClCompile>
    <ClCompile Include="Miscellaneous\MiscellaneousStdCLanguageFeatures.cpp">
      <Filter>Miscellaneous</Filter>
    </ClCompile>
    <ClCompile Include="Miscellaneous\MiscellaneousStdConstructor.cpp">
      <Filter>Miscellaneous</Filter>
    </ClCompile>
    <ClCompile Include="Miscellaneous\MiscellaneousStdContainer.cpp">
      <Filter>Miscellaneous</Filter>
    </ClCompile>
    <ClCompile Include="Miscellaneous\MiscellaneousStdSharedPointer.cpp">
      <Filter>Miscellaneous</Filter>
    </ClCompile>
    <ClCompile Include="Miscellaneous\MiscellaneousStringUtil.cpp">
      <Filter>Miscellaneous</Filter>
    </ClCompile>
    <ClCompile Include="Miscellaneous\MiscellaneousTesting.cpp">
      <Filter>Miscellaneous</Filter>
    </ClCompile>
    <ClCompile Include="Miscellaneous\MiscellaneousWinBeginThreadEx.cpp">
      <Filter>Miscellaneous</Filter>
    </ClCompile>
    <ClCompile Include="Miscellaneous\MiscellaneousWinPrintDlg.cpp">
      <Filter>Miscellaneous</Filter>
    </ClCompile>
    <ClCompile Include="Miscellaneous\MiscellaneousWinSocket.cpp">
      <Filter>Miscellaneous</Filter>
    </ClCompile>
    <ClCompile Include="Miscellaneous\MiscellaneousWxSqlite3.cpp">
      <Filter>Miscellaneous</Filter>
    </ClCompile>
    <ClCompile Include="Miscellaneous\MiscellaneousZip.cpp">
      <Filter>Miscellaneous</Filter>
    </ClCompile>
    <ClCompile Include="Miscellaneous\MiscellaneousZLib.cpp">
      <Filter>Miscellaneous</Filter>
    </ClCompile>
    <ClCompile Include="Miscellaneous\AAAAAAAAAAAAAAA.cpp">
      <Filter>Miscellaneous</Filter>
    </ClCompile>
    <ClCompile Include="Utils\Win32PerformanceUtil.cpp">
      <Filter>Utils</Filter>
    </ClCompile>
    <ClCompile Include="Utils\UrlUtil.cpp">
      <Filter>Utils</Filter>
    </ClCompile>
    <ClCompile Include="Utils\StringUtil.cpp">
      <Filter>Utils</Filter>
    </ClCompile>
    <ClCompile Include="Core\JcbTextEdit.cpp">
      <Filter>Core</Filter>
    </ClCompile>
    <ClCompile Include="Core\JcbMessageBox.cpp">
      <Filter>Core</Filter>
    </ClCompile>
    <ClCompile Include="Core\FramelessWindowHelper.cpp">
      <Filter>Core</Filter>
    </ClCompile>
    <ClCompile Include="DICOM\DicomWindow.cpp">
      <Filter>DICOM</Filter>
    </ClCompile>
    <ClCompile Include="DICOM\DicomDownloadWigdet.cpp">
      <Filter>DICOM</Filter>
    </ClCompile>
    <ClCompile Include="DICOM\DicomServerBrowserWidget.cpp">
      <Filter>DICOM</Filter>
    </ClCompile>
    <ClCompile Include="Core\MyBackgroundWorker.cpp">
      <Filter>Core</Filter>
    </ClCompile>
    <ClCompile Include="Core\MyWorkerThread.cpp">
      <Filter>Core</Filter>
    </ClCompile>
    <ClCompile Include="Core\MyWorkerThreadPool.cpp">
      <Filter>Core</Filter>
    </ClCompile>
    <ClCompile Include="Core\WorkerTaskBase.cpp">
      <Filter>Core</Filter>
    </ClCompile>
    <ClCompile Include="Core\ThreadWaitCondition.cpp">
      <Filter>Core</Filter>
    </ClCompile>
    <ClCompile Include="Core\TitleBarWidget.cpp">
      <Filter>Core</Filter>
    </ClCompile>
    <ClCompile Include="Core\SuspendedScrollBar.cpp">
      <Filter>Core</Filter>
    </ClCompile>
    <ClCompile Include="AppListItemDelegate.cpp">
      <Filter>Source Files</Filter>
    </ClCompile>
    <ClCompile Include="AppListItemWidget.cpp">
      <Filter>Source Files</Filter>
    </ClCompile>
    <ClCompile Include="Config\AppListIcon.cpp">
      <Filter>Config</Filter>
    </ClCompile>
    <ClCompile Include="Miscellaneous\MiscellaneousDirectShow.cpp">
      <Filter>Miscellaneous</Filter>
    </ClCompile>
    <ClCompile Include="Miscellaneous\MiscellaneousFFmpeg.cpp">
      <Filter>Miscellaneous</Filter>
    </ClCompile>
  </ItemGroup>
  <ItemGroup>
    <QtUic Include="QtGuiApplicationTest.ui">
      <Filter>Form Files</Filter>
    </QtUic>
    <QtUic Include="MainTabPageFirst.ui">
      <Filter>Form Files</Filter>
    </QtUic>
    <QtUic Include="MainTabPageDicom.ui">
      <Filter>Form Files</Filter>
    </QtUic>
    <QtUic Include="MainTabPageSetting.ui">
      <Filter>Form Files</Filter>
    </QtUic>
    <QtUic Include="AppListItemWidget.ui">
      <Filter>Form Files</Filter>
    </QtUic>
    <QtUic Include="Reports\WinReportTesting.ui">
      <Filter>Reports</Filter>
    </QtUic>
    <QtUic Include="Debugger\DebugInfoHardwareWidget.ui">
      <Filter>Debugger</Filter>
    </QtUic>
    <QtUic Include="Debugger\DebugInfoNetworkWidget.ui">
      <Filter>Debugger</Filter>
    </QtUic>
    <QtUic Include="Debugger\DebugInfoTestWidget.ui">
      <Filter>Debugger</Filter>
    </QtUic>
    <QtUic Include="Debugger\DebugPanel.ui">
      <Filter>Debugger</Filter>
    </QtUic>
    <QtUic Include="Miscellaneous\MiscellaneousAlgorithmLeetCode.ui">
      <Filter>Miscellaneous</Filter>
    </QtUic>
    <QtUic Include="Miscellaneous\MiscellaneousCustomTextEdit.ui">
      <Filter>Miscellaneous</Filter>
    </QtUic>
    <QtUic Include="Miscellaneous\MiscellaneousExcelReadWrite.ui">
      <Filter>Miscellaneous</Filter>
    </QtUic>
    <QtUic Include="Miscellaneous\MiscellaneousImageQImage.ui">
      <Filter>Miscellaneous</Filter>
    </QtUic>
    <QtUic Include="Miscellaneous\MiscellaneousImageQPixmap.ui">
      <Filter>Miscellaneous</Filter>
    </QtUic>
    <QtUic Include="Miscellaneous\MiscellaneousPostgresql.ui">
      <Filter>Miscellaneous</Filter>
    </QtUic>
    <QtUic Include="Miscellaneous\MiscellaneousPrinterPDF.ui">
      <Filter>Miscellaneous</Filter>
    </QtUic>
    <QtUic Include="Miscellaneous\MiscellaneousPrinterWidget.ui">
      <Filter>Miscellaneous</Filter>
    </QtUic>
    <QtUic Include="Miscellaneous\MiscellaneousQMimeType.ui">
      <Filter>Miscellaneous</Filter>
    </QtUic>
    <QtUic Include="Miscellaneous\MiscellaneousQObjectCast.ui">
      <Filter>Miscellaneous</Filter>
    </QtUic>
    <QtUic Include="Miscellaneous\MiscellaneousQTcpSocket.ui">
      <Filter>Miscellaneous</Filter>
    </QtUic>
    <QtUic Include="Miscellaneous\MiscellaneousQVirtualKeyboard.ui">
      <Filter>Miscellaneous</Filter>
    </QtUic>
    <QtUic Include="Miscellaneous\MiscellaneousQWebSocket.ui">
      <Filter>Miscellaneous</Filter>
    </QtUic>
    <QtUic Include="Miscellaneous\MiscellaneousRegularExpression.ui">
      <Filter>Miscellaneous</Filter>
    </QtUic>
    <QtUic Include="Miscellaneous\MiscellaneousSignalSlot.ui">
      <Filter>Miscellaneous</Filter>
    </QtUic>
    <QtUic Include="Miscellaneous\MiscellaneousSqlCipher.ui">
      <Filter>Miscellaneous</Filter>
    </QtUic>
    <QtUic Include="Miscellaneous\MiscellaneousStdCLanguageFeatures.ui">
      <Filter>Miscellaneous</Filter>
    </QtUic>
    <QtUic Include="Miscellaneous\MiscellaneousStdConstructor.ui">
      <Filter>Miscellaneous</Filter>
    </QtUic>
    <QtUic Include="Miscellaneous\MiscellaneousStdContainer.ui">
      <Filter>Miscellaneous</Filter>
    </QtUic>
    <QtUic Include="Miscellaneous\MiscellaneousStdSharedPointer.ui">
      <Filter>Miscellaneous</Filter>
    </QtUic>
    <QtUic Include="Miscellaneous\MiscellaneousStringUtil.ui">
      <Filter>Miscellaneous</Filter>
    </QtUic>
    <QtUic Include="Miscellaneous\MiscellaneousTesting.ui">
      <Filter>Miscellaneous</Filter>
    </QtUic>
    <QtUic Include="Miscellaneous\MiscellaneousWinBeginThreadEx.ui">
      <Filter>Miscellaneous</Filter>
    </QtUic>
    <QtUic Include="Miscellaneous\MiscellaneousWinPrintDlg.ui">
      <Filter>Miscellaneous</Filter>
    </QtUic>
    <QtUic Include="Miscellaneous\MiscellaneousWinSocket.ui">
      <Filter>Miscellaneous</Filter>
    </QtUic>
    <QtUic Include="Miscellaneous\MiscellaneousWxSqlite3.ui">
      <Filter>Miscellaneous</Filter>
    </QtUic>
    <QtUic Include="Miscellaneous\MiscellaneousZip.ui">
      <Filter>Miscellaneous</Filter>
    </QtUic>
    <QtUic Include="Miscellaneous\MiscellaneousZLib.ui">
      <Filter>Miscellaneous</Filter>
    </QtUic>
    <QtUic Include="DICOM\DicomWindow.ui">
      <Filter>DICOM</Filter>
    </QtUic>
    <QtUic Include="DICOM\DicomServerBrowserWidget.ui">
      <Filter>DICOM</Filter>
    </QtUic>
    <QtUic Include="DICOM\DicomDownloadWigdet.ui">
      <Filter>DICOM</Filter>
    </QtUic>
    <QtUic Include="Miscellaneous\MiscellaneousDirectShow.ui">
      <Filter>Miscellaneous</Filter>
    </QtUic>
    <QtUic Include="Miscellaneous\MiscellaneousFFmpeg.ui">
      <Filter>Miscellaneous</Filter>
    </QtUic>
  </ItemGroup>
  <ItemGroup>
    <ClInclude Include="MyApplication.h">
      <Filter>Header Files</Filter>
    </ClInclude>
    <ClInclude Include="resource.h">
      <Filter>Header Files</Filter>
    </ClInclude>
    <ClInclude Include="Reports\FopReportProtocol.h">
      <Filter>Reports</Filter>
    </ClInclude>
    <ClInclude Include="Reports\ReportXmlData.h">
      <Filter>Reports</Filter>
    </ClInclude>
    <ClInclude Include="Reports\XmlReportGenerator.h">
      <Filter>Reports</Filter>
    </ClInclude>
    <ClInclude Include="ProtocolBuffers\MessageInfo.pb.h">
      <Filter>ProtoBuf</Filter>
    </ClInclude>
    <ClInclude Include="ProtocolBuffers\MessageTest.pb.h">
      <Filter>ProtoBuf</Filter>
    </ClInclude>
    <ClInclude Include="Debugger\DebugMenuEvent.h">
      <Filter>Debugger</Filter>
    </ClInclude>
    <ClInclude Include="Miscellaneous\MiscellaneousBase.h">
      <Filter>Miscellaneous</Filter>
    </ClInclude>
    <ClInclude Include="Miscellaneous\MiscellaneousDefines.h">
      <Filter>Miscellaneous</Filter>
    </ClInclude>
    <ClInclude Include="Core\IWorkerTask.h">
      <Filter>Core</Filter>
    </ClInclude>
    <ClInclude Include="Core\MyBackgroundWorker.h">
      <Filter>Core</Filter>
    </ClInclude>
    <ClInclude Include="Core\MyWorkerThreadPool.h">
      <Filter>Core</Filter>
    </ClInclude>
    <ClInclude Include="Core\ThreadWaitCondition.h">
      <Filter>Core</Filter>
    </ClInclude>
    <ClInclude Include="Utils\UrlUtil.h">
      <Filter>Utils</Filter>
    </ClInclude>
    <ClInclude Include="Utils\StringUtil.h">
      <Filter>Utils</Filter>
    </ClInclude>
    <ClInclude Include="Utils\Win32PerformanceUtil.h">
      <Filter>Utils</Filter>
    </ClInclude>
    <ClInclude Include="Config\AppListIcon.h">
      <Filter>Config</Filter>
    </ClInclude>
  </ItemGroup>
  <ItemGroup>
    <QtMoc Include="MainTabPageDicom.h">
      <Filter>Header Files</Filter>
    </QtMoc>
    <QtMoc Include="AppListItemDelegate.h">
      <Filter>Header Files</Filter>
    </QtMoc>
    <QtMoc Include="AppListItemWidget.h">
      <Filter>Header Files</Filter>
    </QtMoc>
    <QtMoc Include="Reports\FopReportClient.h">
      <Filter>Reports</Filter>
    </QtMoc>
    <QtMoc Include="Reports\MuPDF.h">
      <Filter>Reports</Filter>
    </QtMoc>
    <QtMoc Include="Reports\WinReportTesting.h">
      <Filter>Reports</Filter>
    </QtMoc>
    <QtMoc Include="Debugger\DebugInfoBaseWidget.h">
      <Filter>Debugger</Filter>
    </QtMoc>
    <QtMoc Include="Debugger\DebugInfoHardwareWidget.h">
      <Filter>Debugger</Filter>
    </QtMoc>
    <QtMoc Include="Debugger\DebugInfoNetworkWidget.h">
      <Filter>Debugger</Filter>
    </QtMoc>
    <QtMoc Include="Debugger\DebugInfoTestWidget.h">
      <Filter>Debugger</Filter>
    </QtMoc>
    <QtMoc Include="Debugger\DebugPanel.h">
      <Filter>Debugger</Filter>
    </QtMoc>
    <QtMoc Include="Miscellaneous\MiscellaneousAlgorithmLeetCode.h">
      <Filter>Miscellaneous</Filter>
    </QtMoc>
    <QtMoc Include="Miscellaneous\MiscellaneousCustomTextEdit.h">
      <Filter>Miscellaneous</Filter>
    </QtMoc>
    <QtMoc Include="Miscellaneous\MiscellaneousExcelReadWrite.h">
      <Filter>Miscellaneous</Filter>
    </QtMoc>
    <QtMoc Include="Miscellaneous\MiscellaneousImageQImage.h">
      <Filter>Miscellaneous</Filter>
    </QtMoc>
    <QtMoc Include="Miscellaneous\MiscellaneousImageQPixmap.h">
      <Filter>Miscellaneous</Filter>
    </QtMoc>
    <QtMoc Include="Miscellaneous\MiscellaneousPostgresql.h">
      <Filter>Miscellaneous</Filter>
    </QtMoc>
    <QtMoc Include="Miscellaneous\MiscellaneousPrinterPDF.h">
      <Filter>Miscellaneous</Filter>
    </QtMoc>
    <QtMoc Include="Miscellaneous\MiscellaneousPrinterWidget.h">
      <Filter>Miscellaneous</Filter>
    </QtMoc>
    <QtMoc Include="Miscellaneous\MiscellaneousQMimeType.h">
      <Filter>Miscellaneous</Filter>
    </QtMoc>
    <QtMoc Include="Miscellaneous\MiscellaneousQObjectCast.h">
      <Filter>Miscellaneous</Filter>
    </QtMoc>
    <QtMoc Include="Miscellaneous\MiscellaneousQTcpSocket.h">
      <Filter>Miscellaneous</Filter>
    </QtMoc>
    <QtMoc Include="Miscellaneous\MiscellaneousQVirtualKeyboard.h">
      <Filter>Miscellaneous</Filter>
    </QtMoc>
    <QtMoc Include="Miscellaneous\MiscellaneousQWebSocket.h">
      <Filter>Miscellaneous</Filter>
    </QtMoc>
    <QtMoc Include="Miscellaneous\MiscellaneousRegularExpression.h">
      <Filter>Miscellaneous</Filter>
    </QtMoc>
    <QtMoc Include="Miscellaneous\MiscellaneousSignalSlot.h">
      <Filter>Miscellaneous</Filter>
    </QtMoc>
    <QtMoc Include="Miscellaneous\MiscellaneousSqlCipher.h">
      <Filter>Miscellaneous</Filter>
    </QtMoc>
    <QtMoc Include="Miscellaneous\MiscellaneousStdCLanguageFeatures.h">
      <Filter>Miscellaneous</Filter>
    </QtMoc>
    <QtMoc Include="Miscellaneous\MiscellaneousStdConstructor.h">
      <Filter>Miscellaneous</Filter>
    </QtMoc>
    <QtMoc Include="Miscellaneous\MiscellaneousStdContainer.h">
      <Filter>Miscellaneous</Filter>
    </QtMoc>
    <QtMoc Include="Miscellaneous\MiscellaneousStdSharedPointer.h">
      <Filter>Miscellaneous</Filter>
    </QtMoc>
    <QtMoc Include="Miscellaneous\MiscellaneousStringUtil.h">
      <Filter>Miscellaneous</Filter>
    </QtMoc>
    <QtMoc Include="Miscellaneous\MiscellaneousTesting.h">
      <Filter>Miscellaneous</Filter>
    </QtMoc>
    <QtMoc Include="Miscellaneous\MiscellaneousWinBeginThreadEx.h">
      <Filter>Miscellaneous</Filter>
    </QtMoc>
    <QtMoc Include="Miscellaneous\MiscellaneousWinPrintDlg.h">
      <Filter>Miscellaneous</Filter>
    </QtMoc>
    <QtMoc Include="Miscellaneous\MiscellaneousWinSocket.h">
      <Filter>Miscellaneous</Filter>
    </QtMoc>
    <QtMoc Include="Miscellaneous\MiscellaneousWxSqlite3.h">
      <Filter>Miscellaneous</Filter>
    </QtMoc>
    <QtMoc Include="Miscellaneous\MiscellaneousZip.h">
      <Filter>Miscellaneous</Filter>
    </QtMoc>
    <QtMoc Include="Miscellaneous\MiscellaneousZLib.h">
      <Filter>Miscellaneous</Filter>
    </QtMoc>
    <QtMoc Include="Core\FramelessWindowHelper.h">
      <Filter>Core</Filter>
    </QtMoc>
    <QtMoc Include="Core\JcbMessageBox.h">
      <Filter>Core</Filter>
    </QtMoc>
    <QtMoc Include="Core\JcbTextEdit.h">
      <Filter>Core</Filter>
    </QtMoc>
    <QtMoc Include="Core\TitleBarWidget.h">
      <Filter>Core</Filter>
    </QtMoc>
    <QtMoc Include="Core\SuspendedScrollBar.h">
      <Filter>Core</Filter>
    </QtMoc>
    <QtMoc Include="DICOM\DicomWindow.h">
      <Filter>DICOM</Filter>
    </QtMoc>
    <QtMoc Include="DICOM\DicomServerBrowserWidget.h">
      <Filter>DICOM</Filter>
    </QtMoc>
    <QtMoc Include="DICOM\DicomDownloadWigdet.h">
      <Filter>DICOM</Filter>
    </QtMoc>
    <QtMoc Include="Core\MyWorkerThread.h">
      <Filter>Core</Filter>
    </QtMoc>
    <QtMoc Include="Core\WorkerTaskBase.h">
      <Filter>Core</Filter>
    </QtMoc>
    <QtMoc Include="Miscellaneous\MiscellaneousDirectShow.h">
      <Filter>Miscellaneous</Filter>
    </QtMoc>
    <QtMoc Include="Miscellaneous\MiscellaneousFFmpeg.h">
      <Filter>Miscellaneous</Filter>
    </QtMoc>
  </ItemGroup>
  <ItemGroup>
    <QtRcc Include="QtGuiApplicationTest.qrc">
      <Filter>Resource Files</Filter>
    </QtRcc>
  </ItemGroup>
  <ItemGroup>
    <None Include="Resources\qss\mainTabWidget.qss">
      <Filter>Resource Files\qss</Filter>
    </None>
    <None Include="Resources\qss\black.qss">
      <Filter>Resource Files\qss</Filter>
    </None>
    <None Include="Resources\qss\white.qss">
      <Filter>Resource Files\qss</Filter>
    </None>
    <None Include="Resources\qss\dark_orange.qss">
      <Filter>Resource Files\qss</Filter>
    </None>
    <None Include="ProtocolBuffers\MessageInfo.proto">
      <Filter>ProtoBuf</Filter>
    </None>
    <None Include="ProtocolBuffers\MessageTest.proto">
      <Filter>ProtoBuf</Filter>
    </None>
  </ItemGroup>
  <ItemGroup>
    <ResourceCompile Include="QtGuiApplicationTest.rc" />
  </ItemGroup>
  <ItemGroup>
    <Image Include="Resources\images\app.ico">
      <Filter>Resource Files\images</Filter>
    </Image>
  </ItemGroup>
  <ItemGroup>
    <QtMoc Include="MainTabPageFirst.h">
      <Filter>Header Files</Filter>
    </QtMoc>
    <QtMoc Include="MainTabPageSetting.h">
      <Filter>Header Files</Filter>
    </QtMoc>
    <QtMoc Include="NotifyWidget.h">
      <Filter>Header Files</Filter>
    </QtMoc>
    <QtUic Include="NotifyWidget.ui">
      <Filter>Form Files</Filter>
    </QtUic>
    <QtMoc Include="MyMainWindow.h">
      <Filter>Header Files</Filter>
    </QtMoc>
  </ItemGroup>
</Project>