<?xml version="1.0" encoding="utf-8"?>
<Project ToolsVersion="4.0" xmlns="http://schemas.microsoft.com/developer/msbuild/2003">
  <ItemGroup>
    <Filter Include="Source Files">
      <UniqueIdentifier>{4FC737F1-C7A5-4376-A066-2A32D752A2FF}</UniqueIdentifier>
      <Extensions>cpp;c;cc;cxx;def;odl;idl;hpj;bat;asm;asmx</Extensions>
    </Filter>
    <Filter Include="Header Files">
      <UniqueIdentifier>{93995380-89BD-4b04-88EB-625FBE52EBFB}</UniqueIdentifier>
      <Extensions>h;hh;hpp;hxx;hm;inl;inc;xsd</Extensions>
    </Filter>
    <Filter Include="Resource Files">
      <UniqueIdentifier>{D9D6E242-F8AF-46E4-B9FD-80ECBC20BA3E}</UniqueIdentifier>
      <Extensions>qrc;*</Extensions>
      <ParseFiles>false</ParseFiles>
    </Filter>
    <Filter Include="Form Files">
      <UniqueIdentifier>{99349809-55BA-4b9d-BF79-8FDBB0286EB3}</UniqueIdentifier>
      <Extensions>ui</Extensions>
    </Filter>
    <Filter Include="Resource Files">
      <UniqueIdentifier>{D9D6E242-F8AF-46E4-B9FD-80ECBC20BA3E}</UniqueIdentifier>
      <Extensions>qrc;*</Extensions>
      <ParseFiles>false</ParseFiles>
    </Filter>
    <Filter Include="Generated Files">
      <UniqueIdentifier>{71ED8ED8-ACB9-4CE9-BBE1-E00B30144E11}</UniqueIdentifier>
      <Extensions>moc;h;cpp</Extensions>
      <SourceControlFiles>False</SourceControlFiles>
    </Filter>
    <Filter Include="QThreadTest">
      <UniqueIdentifier>{cc7bf101-e6f4-475c-af06-3c67237b8f43}</UniqueIdentifier>
    </Filter>
    <Filter Include="Resource Files\qss">
      <UniqueIdentifier>{91515bb5-061e-4ed4-bd8c-5ec4c5673f20}</UniqueIdentifier>
    </Filter>
    <Filter Include="Core">
      <UniqueIdentifier>{03110429-f8f5-4a0b-8bf2-d2ea95e7a53a}</UniqueIdentifier>
    </Filter>
    <Filter Include="Resource Files\images">
      <UniqueIdentifier>{0ba42e86-dccf-42be-aab0-82168d0e2455}</UniqueIdentifier>
    </Filter>
    <Filter Include="ProtoBuf">
      <UniqueIdentifier>{ae3b4cdc-e888-45fc-b35b-c4fdbcde0d85}</UniqueIdentifier>
    </Filter>
    <Filter Include="Reports">
      <UniqueIdentifier>{4d4dccba-f4e3-4de1-bca6-5b6670427587}</UniqueIdentifier>
    </Filter>
    <Filter Include="Config">
      <UniqueIdentifier>{669bc527-fbbb-4691-9c88-6b5bb815a572}</UniqueIdentifier>
    </Filter>
    <Filter Include="Utils">
      <UniqueIdentifier>{2b1f78cf-e8e6-4708-a541-fcb4b0d43a67}</UniqueIdentifier>
    </Filter>
    <Filter Include="DICOM">
      <UniqueIdentifier>{7a2e442f-999c-4d3b-a820-85ab27028f17}</UniqueIdentifier>
    </Filter>
    <Filter Include="Debugger">
      <UniqueIdentifier>{516e2a7d-bc5e-4729-b720-c651d2aa9a75}</UniqueIdentifier>
    </Filter>
    <Filter Include="Generated Files\Debug">
      <UniqueIdentifier>{be9da27f-0da2-476f-982b-dc22d142c78b}</UniqueIdentifier>
      <Extensions>cpp;moc</Extensions>
      <SourceControlFiles>False</SourceControlFiles>
    </Filter>
    <Filter Include="Generated Files\Release">
      <UniqueIdentifier>{1f654a7a-8cf1-4790-91cc-fe73e7dbd9f9}</UniqueIdentifier>
      <Extensions>cpp;moc</Extensions>
      <SourceControlFiles>False</SourceControlFiles>
    </Filter>
    <Filter Include="Miscellaneous">
      <UniqueIdentifier>{164de837-644a-4fc6-9899-6e8b6eaca30a}</UniqueIdentifier>
    </Filter>
  </ItemGroup>
  <ItemGroup>
    <ClCompile Include="main.cpp">
      <Filter>Source Files</Filter>
    </ClCompile>
    <ClCompile Include="ThreadWaitCondition.cpp">
      <Filter>QThreadTest</Filter>
    </ClCompile>
    <ClCompile Include="MyMainWindow.cpp">
      <Filter>Source Files</Filter>
    </ClCompile>
    <ClCompile Include="MyApplication.cpp">
      <Filter>Source Files</Filter>
    </ClCompile>
    <ClCompile Include="MainTabPageFirst.cpp">
      <Filter>Source Files</Filter>
    </ClCompile>
    <ClCompile Include="MainTabPageSetting.cpp">
      <Filter>Source Files</Filter>
    </ClCompile>
    <ClCompile Include="MainTabPageDicom.cpp">
      <Filter>Source Files</Filter>
    </ClCompile>
    <ClCompile Include="MyBackgroundWorker.cpp">
      <Filter>QThreadTest</Filter>
    </ClCompile>
    <ClCompile Include="MyWorkerThreadPool.cpp">
      <Filter>QThreadTest</Filter>
    </ClCompile>
    <ClCompile Include="WorkerTaskBase.cpp">
      <Filter>QThreadTest</Filter>
    </ClCompile>
    <ClCompile Include="MyWorkerThread.cpp">
      <Filter>QThreadTest</Filter>
    </ClCompile>
    <ClCompile Include="FramelessWindowHelper.cpp">
      <Filter>Core</Filter>
    </ClCompile>
    <ClCompile Include="MessageInfo.pb.cc">
      <Filter>ProtoBuf</Filter>
    </ClCompile>
    <ClCompile Include="XmlReportGenerator.cpp">
      <Filter>Reports</Filter>
    </ClCompile>
    <ClCompile Include="UrlUtil.cpp">
      <Filter>Utils</Filter>
    </ClCompile>
    <ClCompile Include="AppListIcon.cpp">
      <Filter>Config</Filter>
    </ClCompile>
    <ClCompile Include="MuPDF.cpp">
      <Filter>Reports</Filter>
    </ClCompile>
    <ClCompile Include="ReportXmlData.cpp">
      <Filter>Reports</Filter>
    </ClCompile>
    <ClCompile Include="FopReportClient.cpp">
      <Filter>Reports</Filter>
    </ClCompile>
    <ClCompile Include="FopReportProtocol.cpp">
      <Filter>Reports</Filter>
    </ClCompile>
    <ClCompile Include="TitleBarWidget.cpp">
      <Filter>Core</Filter>
    </ClCompile>
    <ClCompile Include="Win32PerformanceUtil.cpp">
      <Filter>Utils</Filter>
    </ClCompile>
    <ClCompile Include="AppListItemDelegate.cpp">
      <Filter>Source Files</Filter>
    </ClCompile>
    <ClCompile Include="SuspendedScrollBar.cpp">
      <Filter>Core</Filter>
    </ClCompile>
    <ClCompile Include="AppListItemWidget.cpp">
      <Filter>Source Files</Filter>
    </ClCompile>
    <ClCompile Include="DebugInfoBaseWidget.cpp">
      <Filter>Debugger</Filter>
    </ClCompile>
    <ClCompile Include="DebugInfoHardwareWidget.cpp">
      <Filter>Debugger</Filter>
    </ClCompile>
    <ClCompile Include="DebugInfoTestWidget.cpp">
      <Filter>Debugger</Filter>
    </ClCompile>
    <ClCompile Include="DebugMenuEvent.cpp">
      <Filter>Debugger</Filter>
    </ClCompile>
    <ClCompile Include="DebugPanel.cpp">
      <Filter>Debugger</Filter>
    </ClCompile>
    <ClCompile Include="DicomWindow.cpp">
      <Filter>DICOM</Filter>
    </ClCompile>
    <ClCompile Include="WinReportTesting.cpp">
      <Filter>Reports</Filter>
    </ClCompile>
    <ClCompile Include="DicomDownloadWigdet.cpp">
      <Filter>DICOM</Filter>
    </ClCompile>
    <ClCompile Include="DicomServerBrowserWidget.cpp">
      <Filter>DICOM</Filter>
    </ClCompile>
    <ClCompile Include="DebugInfoNetworkWidget.cpp">
      <Filter>Debugger</Filter>
    </ClCompile>
    <ClCompile Include="MessageTest.pb.cc">
      <Filter>ProtoBuf</Filter>
    </ClCompile>
    <ClCompile Include="NotifyWidget.cpp">
      <Filter>Source Files</Filter>
    </ClCompile>
    <ClCompile Include="MiscellaneousTesting.cpp">
      <Filter>Miscellaneous</Filter>
    </ClCompile>
    <ClCompile Include="MiscellaneousBase.cpp">
      <Filter>Miscellaneous</Filter>
    </ClCompile>
    <ClCompile Include="MiscellaneousDefines.cpp">
      <Filter>Miscellaneous</Filter>
    </ClCompile>
    <ClCompile Include="MiscellaneousPrinterPDF.cpp">
      <Filter>Miscellaneous</Filter>
    </ClCompile>
    <ClCompile Include="MiscellaneousPrinterWidget.cpp">
      <Filter>Miscellaneous</Filter>
    </ClCompile>
    <ClCompile Include="MiscellaneousWxSqlite3.cpp">
      <Filter>Miscellaneous</Filter>
    </ClCompile>
    <ClCompile Include="MiscellaneousImageQImage.cpp">
      <Filter>Miscellaneous</Filter>
    </ClCompile>
    <ClCompile Include="MiscellaneousImageQPixmap.cpp">
      <Filter>Miscellaneous</Filter>
    </ClCompile>
    <ClCompile Include="MiscellaneousStdSharedPointer.cpp">
      <Filter>Miscellaneous</Filter>
    </ClCompile>
    <ClCompile Include="MiscellaneousSignalSlot.cpp">
      <Filter>Miscellaneous</Filter>
    </ClCompile>
    <ClCompile Include="MiscellaneousQObjectCast.cpp">
      <Filter>Miscellaneous</Filter>
    </ClCompile>
    <ClCompile Include="MiscellaneousPostgresql.cpp">
      <Filter>Miscellaneous</Filter>
    </ClCompile>
    <ClCompile Include="MiscellaneousZLib.cpp">
      <Filter>Miscellaneous</Filter>
    </ClCompile>
    <ClCompile Include="MiscellaneousZip.cpp">
      <Filter>Miscellaneous</Filter>
    </ClCompile>
    <ClCompile Include="MiscellaneousRegularExpression.cpp">
      <Filter>Miscellaneous</Filter>
    </ClCompile>
    <ClCompile Include="MiscellaneousSqlCipher.cpp">
      <Filter>Miscellaneous</Filter>
    </ClCompile>
    <ClCompile Include="StringUtil.cpp">
      <Filter>Utils</Filter>
    </ClCompile>
    <ClCompile Include="MiscellaneousStringUtil.cpp">
      <Filter>Miscellaneous</Filter>
    </ClCompile>
    <ClCompile Include="MiscellaneousStdConstructor.cpp">
      <Filter>Miscellaneous</Filter>
    </ClCompile>
    <ClCompile Include="MiscellaneousAlgorithmLeetCode.cpp">
      <Filter>Miscellaneous</Filter>
    </ClCompile>
    <ClCompile Include="MiscellaneousExcelReadWrite.cpp">
      <Filter>Miscellaneous</Filter>
    </ClCompile>
    <ClCompile Include="MiscellaneousQTcpSocket.cpp">
      <Filter>Miscellaneous</Filter>
    </ClCompile>
    <ClCompile Include="MiscellaneousQWebSocket.cpp">
      <Filter>Miscellaneous</Filter>
    </ClCompile>
    <ClCompile Include="MiscellaneousQMimeType.cpp">
      <Filter>Miscellaneous</Filter>
    </ClCompile>
    <ClCompile Include="MiscellaneousWinPrintDlg.cpp">
      <Filter>Miscellaneous</Filter>
    </ClCompile>
    <ClCompile Include="MiscellaneousWinBeginThreadEx.cpp">
      <Filter>Miscellaneous</Filter>
    </ClCompile>
    <ClCompile Include="MiscellaneousStdCLanguageFeatures.cpp">
      <Filter>Miscellaneous</Filter>
    </ClCompile>
    <ClCompile Include="MiscellaneousWinSocket.cpp">
      <Filter>Miscellaneous</Filter>
    </ClCompile>
    <ClCompile Include="JcbMessageBox.cpp">
      <Filter>Core</Filter>
    </ClCompile>
    <ClCompile Include="JcbTextEdit.cpp">
      <Filter>Core</Filter>
    </ClCompile>
    <ClCompile Include="MiscellaneousCustomTextEdit.cpp">
      <Filter>Miscellaneous</Filter>
    </ClCompile>
  </ItemGroup>
  <ItemGroup>
    <QtUic Include="QtGuiApplicationTest.ui">
      <Filter>Form Files</Filter>
    </QtUic>
    <QtUic Include="MainTabPageFirst.ui">
      <Filter>Form Files</Filter>
    </QtUic>
    <QtUic Include="MainTabPageDicom.ui">
      <Filter>Form Files</Filter>
    </QtUic>
    <QtUic Include="MainTabPageSetting.ui">
      <Filter>Form Files</Filter>
    </QtUic>
    <QtUic Include="AppListItemWidget.ui">
      <Filter>Form Files</Filter>
    </QtUic>
    <QtUic Include="DicomWindow.ui">
      <Filter>DICOM</Filter>
    </QtUic>
    <QtUic Include="DebugInfoTestWidget.ui">
      <Filter>Debugger</Filter>
    </QtUic>
    <QtUic Include="DebugInfoHardwareWidget.ui">
      <Filter>Debugger</Filter>
    </QtUic>
    <QtUic Include="DebugPanel.ui">
      <Filter>Debugger</Filter>
    </QtUic>
    <QtUic Include="WinReportTesting.ui">
      <Filter>Reports</Filter>
    </QtUic>
    <QtUic Include="DicomDownloadWigdet.ui">
      <Filter>DICOM</Filter>
    </QtUic>
    <QtUic Include="DicomServerBrowserWidget.ui">
      <Filter>DICOM</Filter>
    </QtUic>
    <QtUic Include="DebugInfoNetworkWidget.ui">
      <Filter>Debugger</Filter>
    </QtUic>
    <QtUic Include="MiscellaneousTesting.ui">
      <Filter>Miscellaneous</Filter>
    </QtUic>
    <QtUic Include="MiscellaneousSignalSlot.ui">
      <Filter>Miscellaneous</Filter>
    </QtUic>
    <QtUic Include="MiscellaneousQObjectCast.ui">
      <Filter>Miscellaneous</Filter>
    </QtUic>
    <QtUic Include="MiscellaneousPostgresql.ui">
      <Filter>Miscellaneous</Filter>
    </QtUic>
    <QtUic Include="MiscellaneousZLib.ui">
      <Filter>Miscellaneous</Filter>
    </QtUic>
    <QtUic Include="MiscellaneousZip.ui">
      <Filter>Miscellaneous</Filter>
    </QtUic>
    <QtUic Include="MiscellaneousRegularExpression.ui">
      <Filter>Miscellaneous</Filter>
    </QtUic>
    <QtUic Include="MiscellaneousSqlCipher.ui">
      <Filter>Miscellaneous</Filter>
    </QtUic>
    <QtUic Include="MiscellaneousStringUtil.ui">
      <Filter>Miscellaneous</Filter>
    </QtUic>
    <QtUic Include="MiscellaneousStdConstructor.ui">
      <Filter>Miscellaneous</Filter>
    </QtUic>
    <QtUic Include="MiscellaneousAlgorithmLeetCode.ui">
      <Filter>Miscellaneous</Filter>
    </QtUic>
    <QtUic Include="MiscellaneousExcelReadWrite.ui">
      <Filter>Miscellaneous</Filter>
    </QtUic>
    <QtUic Include="MiscellaneousQTcpSocket.ui">
      <Filter>Miscellaneous</Filter>
    </QtUic>
    <QtUic Include="MiscellaneousQWebSocket.ui">
      <Filter>Miscellaneous</Filter>
    </QtUic>
    <QtUic Include="MiscellaneousQMimeType.ui">
      <Filter>Miscellaneous</Filter>
    </QtUic>
    <QtUic Include="MiscellaneousWinPrintDlg.ui">
      <Filter>Miscellaneous</Filter>
    </QtUic>
    <QtUic Include="MiscellaneousWinBeginThreadEx.ui">
      <Filter>Miscellaneous</Filter>
    </QtUic>
    <QtUic Include="MiscellaneousStdCLanguageFeatures.ui">
      <Filter>Miscellaneous</Filter>
    </QtUic>
    <QtUic Include="MiscellaneousWinSocket.ui">
      <Filter>Miscellaneous</Filter>
    </QtUic>
    <QtUic Include="MiscellaneousCustomTextEdit.ui">
      <Filter>Miscellaneous</Filter>
    </QtUic>
  </ItemGroup>
  <ItemGroup>
    <ClInclude Include="ThreadWaitCondition.h">
      <Filter>QThreadTest</Filter>
    </ClInclude>
    <ClInclude Include="MyApplication.h">
      <Filter>Header Files</Filter>
    </ClInclude>
    <ClInclude Include="resource.h">
      <Filter>Header Files</Filter>
    </ClInclude>
    <ClInclude Include="MyBackgroundWorker.h">
      <Filter>QThreadTest</Filter>
    </ClInclude>
    <ClInclude Include="MyWorkerThreadPool.h">
      <Filter>QThreadTest</Filter>
    </ClInclude>
    <ClInclude Include="IWorkerTask.h">
      <Filter>QThreadTest</Filter>
    </ClInclude>
    <ClInclude Include="MessageInfo.pb.h">
      <Filter>ProtoBuf</Filter>
    </ClInclude>
    <ClInclude Include="XmlReportGenerator.h">
      <Filter>Reports</Filter>
    </ClInclude>
    <ClInclude Include="UrlUtil.h">
      <Filter>Utils</Filter>
    </ClInclude>
    <ClInclude Include="AppListIcon.h">
      <Filter>Config</Filter>
    </ClInclude>
    <ClInclude Include="ReportXmlData.h">
      <Filter>Reports</Filter>
    </ClInclude>
    <ClInclude Include="FopReportProtocol.h">
      <Filter>Reports</Filter>
    </ClInclude>
    <ClInclude Include="Win32PerformanceUtil.h">
      <Filter>Utils</Filter>
    </ClInclude>
    <ClInclude Include="DebugMenuEvent.h">
      <Filter>Debugger</Filter>
    </ClInclude>
    <ClInclude Include="MessageTest.pb.h">
      <Filter>ProtoBuf</Filter>
    </ClInclude>
    <ClInclude Include="MiscellaneousBase.h">
      <Filter>Miscellaneous</Filter>
    </ClInclude>
    <ClInclude Include="MiscellaneousDefines.h">
      <Filter>Miscellaneous</Filter>
    </ClInclude>
    <ClInclude Include="StringUtil.h">
      <Filter>Utils</Filter>
    </ClInclude>
  </ItemGroup>
  <ItemGroup>
    <QtMoc Include="MainTabPageDicom.h">
      <Filter>Header Files</Filter>
    </QtMoc>
    <QtMoc Include="MyWorkerThread.h">
      <Filter>QThreadTest</Filter>
    </QtMoc>
    <QtMoc Include="WorkerTaskBase.h">
      <Filter>QThreadTest</Filter>
    </QtMoc>
    <QtMoc Include="FramelessWindowHelper.h">
      <Filter>Core</Filter>
    </QtMoc>
    <QtMoc Include="MuPDF.h">
      <Filter>Reports</Filter>
    </QtMoc>
    <QtMoc Include="FopReportClient.h">
      <Filter>Reports</Filter>
    </QtMoc>
    <QtMoc Include="TitleBarWidget.h">
      <Filter>Core</Filter>
    </QtMoc>
    <QtMoc Include="AppListItemDelegate.h">
      <Filter>Header Files</Filter>
    </QtMoc>
    <QtMoc Include="SuspendedScrollBar.h">
      <Filter>Core</Filter>
    </QtMoc>
    <QtMoc Include="AppListItemWidget.h">
      <Filter>Header Files</Filter>
    </QtMoc>
    <QtMoc Include="DebugInfoTestWidget.h">
      <Filter>Debugger</Filter>
    </QtMoc>
    <QtMoc Include="DebugInfoHardwareWidget.h">
      <Filter>Debugger</Filter>
    </QtMoc>
    <QtMoc Include="DebugInfoBaseWidget.h">
      <Filter>Debugger</Filter>
    </QtMoc>
    <QtMoc Include="DebugPanel.h">
      <Filter>Debugger</Filter>
    </QtMoc>
    <QtMoc Include="WinReportTesting.h">
      <Filter>Reports</Filter>
    </QtMoc>
    <QtMoc Include="DicomDownloadWigdet.h">
      <Filter>DICOM</Filter>
    </QtMoc>
    <QtMoc Include="DebugInfoNetworkWidget.h">
      <Filter>Debugger</Filter>
    </QtMoc>
    <QtMoc Include="MiscellaneousQObjectCast.h">
      <Filter>Miscellaneous</Filter>
    </QtMoc>
    <QtMoc Include="MiscellaneousPostgresql.h">
      <Filter>Miscellaneous</Filter>
    </QtMoc>
    <QtMoc Include="MiscellaneousZLib.h">
      <Filter>Miscellaneous</Filter>
    </QtMoc>
    <QtMoc Include="MiscellaneousZip.h">
      <Filter>Miscellaneous</Filter>
    </QtMoc>
    <QtMoc Include="MiscellaneousRegularExpression.h">
      <Filter>Miscellaneous</Filter>
    </QtMoc>
    <QtMoc Include="MiscellaneousSqlCipher.h">
      <Filter>Miscellaneous</Filter>
    </QtMoc>
    <QtMoc Include="MiscellaneousStringUtil.h">
      <Filter>Miscellaneous</Filter>
    </QtMoc>
    <QtMoc Include="MiscellaneousStdConstructor.h">
      <Filter>Miscellaneous</Filter>
    </QtMoc>
    <QtMoc Include="MiscellaneousAlgorithmLeetCode.h">
      <Filter>Miscellaneous</Filter>
    </QtMoc>
    <QtMoc Include="MiscellaneousExcelReadWrite.h">
      <Filter>Miscellaneous</Filter>
    </QtMoc>
    <QtMoc Include="MiscellaneousQTcpSocket.h">
      <Filter>Miscellaneous</Filter>
    </QtMoc>
    <QtMoc Include="MiscellaneousQWebSocket.h">
      <Filter>Miscellaneous</Filter>
    </QtMoc>
    <QtMoc Include="MiscellaneousQMimeType.h">
      <Filter>Miscellaneous</Filter>
    </QtMoc>
    <QtMoc Include="MiscellaneousWinPrintDlg.h">
      <Filter>Miscellaneous</Filter>
    </QtMoc>
    <QtMoc Include="MiscellaneousWinBeginThreadEx.h">
      <Filter>Miscellaneous</Filter>
    </QtMoc>
    <QtMoc Include="MiscellaneousStdCLanguageFeatures.h">
      <Filter>Miscellaneous</Filter>
    </QtMoc>
    <QtMoc Include="MiscellaneousWinSocket.h">
      <Filter>Miscellaneous</Filter>
    </QtMoc>
    <QtMoc Include="JcbMessageBox.h">
      <Filter>Core</Filter>
    </QtMoc>
    <QtMoc Include="JcbTextEdit.h">
      <Filter>Core</Filter>
    </QtMoc>
    <QtMoc Include="MiscellaneousCustomTextEdit.h">
      <Filter>Miscellaneous</Filter>
    </QtMoc>
  </ItemGroup>
  <ItemGroup>
    <QtRcc Include="QtGuiApplicationTest.qrc">
      <Filter>Resource Files</Filter>
    </QtRcc>
  </ItemGroup>
  <ItemGroup>
    <None Include="Resources\qss\mainTabWidget.qss">
      <Filter>Resource Files\qss</Filter>
    </None>
    <None Include="Resources\qss\black.qss">
      <Filter>Resource Files\qss</Filter>
    </None>
    <None Include="Resources\qss\white.qss">
      <Filter>Resource Files\qss</Filter>
    </None>
    <None Include="Resources\qss\dark_orange.qss">
      <Filter>Resource Files\qss</Filter>
    </None>
    <None Include="MessageInfo.proto">
      <Filter>ProtoBuf</Filter>
    </None>
    <None Include="MessageTest.proto">
      <Filter>ProtoBuf</Filter>
    </None>
  </ItemGroup>
  <ItemGroup>
    <ResourceCompile Include="QtGuiApplicationTest.rc" />
  </ItemGroup>
  <ItemGroup>
    <Image Include="Resources\images\app.ico">
      <Filter>Resource Files\images</Filter>
    </Image>
  </ItemGroup>
  <ItemGroup>
    <QtMoc Include="MainTabPageFirst.h">
      <Filter>Header Files</Filter>
    </QtMoc>
    <QtMoc Include="MainTabPageSetting.h">
      <Filter>Header Files</Filter>
    </QtMoc>
    <QtMoc Include="DicomServerBrowserWidget.h">
      <Filter>DICOM</Filter>
    </QtMoc>
    <QtMoc Include="NotifyWidget.h">
      <Filter>Header Files</Filter>
    </QtMoc>
    <QtUic Include="NotifyWidget.ui">
      <Filter>Form Files</Filter>
    </QtUic>
    <QtMoc Include="DicomWindow.h">
      <Filter>DICOM</Filter>
    </QtMoc>
    <QtMoc Include="MiscellaneousTesting.h">
      <Filter>Miscellaneous</Filter>
    </QtMoc>
    <QtUic Include="MiscellaneousPrinterPDF.ui">
      <Filter>Miscellaneous</Filter>
    </QtUic>
    <QtMoc Include="MiscellaneousPrinterPDF.h">
      <Filter>Miscellaneous</Filter>
    </QtMoc>
    <QtMoc Include="MiscellaneousPrinterWidget.h">
      <Filter>Miscellaneous</Filter>
    </QtMoc>
    <QtUic Include="MiscellaneousPrinterWidget.ui">
      <Filter>Miscellaneous</Filter>
    </QtUic>
    <QtMoc Include="MiscellaneousWxSqlite3.h">
      <Filter>Miscellaneous</Filter>
    </QtMoc>
    <QtUic Include="MiscellaneousWxSqlite3.ui">
      <Filter>Miscellaneous</Filter>
    </QtUic>
    <QtMoc Include="MyMainWindow.h">
      <Filter>Header Files</Filter>
    </QtMoc>
    <QtUic Include="MiscellaneousImageQImage.ui">
      <Filter>Miscellaneous</Filter>
    </QtUic>
    <QtUic Include="MiscellaneousImageQPixmap.ui">
      <Filter>Miscellaneous</Filter>
    </QtUic>
    <QtMoc Include="MiscellaneousImageQImage.h">
      <Filter>Miscellaneous</Filter>
    </QtMoc>
    <QtMoc Include="MiscellaneousImageQPixmap.h">
      <Filter>Miscellaneous</Filter>
    </QtMoc>
    <QtMoc Include="MiscellaneousStdSharedPointer.h">
      <Filter>Miscellaneous</Filter>
    </QtMoc>
    <QtUic Include="MiscellaneousStdSharedPointer.ui">
      <Filter>Miscellaneous</Filter>
    </QtUic>
    <QtMoc Include="MiscellaneousSignalSlot.h">
      <Filter>Miscellaneous</Filter>
    </QtMoc>
  </ItemGroup>
</Project>